<?xml version="1.0" encoding="utf-8"?>
<Project ToolsVersion="4.0" xmlns="http://schemas.microsoft.com/developer/msbuild/2003">
  <ItemGroup>
    <Filter Include="Source Files">
      <UniqueIdentifier>{4FC737F1-C7A5-4376-A066-2A32D752A2FF}</UniqueIdentifier>
      <Extensions>cpp;c;cc;cxx;def;odl;idl;hpj;bat;asm;asmx</Extensions>
    </Filter>
    <Filter Include="Header Files">
      <UniqueIdentifier>{93995380-89BD-4b04-88EB-625FBE52EBFB}</UniqueIdentifier>
      <Extensions>h;hh;hpp;hxx;hm;inl;inc;xsd</Extensions>
    </Filter>
    <Filter Include="Resource Files">
      <UniqueIdentifier>{67DA6AB6-F800-4c08-8B7A-83BB121AAD01}</UniqueIdentifier>
      <Extensions>rc;ico;cur;bmp;dlg;rc2;rct;bin;rgs;gif;jpg;jpeg;jpe;resx;tiff;tif;png;wav;mfcribbon-ms</Extensions>
    </Filter>
  </ItemGroup>
  <ItemGroup>
    <ClCompile Include="AssetManager.cpp">
      <Filter>Source Files</Filter>
    </ClCompile>
    <ClCompile Include="CharacterSelectGS.cpp">
      <Filter>Source Files</Filter>
    </ClCompile>
    <ClCompile Include="GameOverGS.cpp">
      <Filter>Source Files</Filter>
    </ClCompile>
    <ClCompile Include="GameplayGS.cpp">
      <Filter>Source Files</Filter>
    </ClCompile>
    <ClCompile Include="GameStateManager.cpp">
      <Filter>Source Files</Filter>
    </ClCompile>
    <ClCompile Include="HelpGS.cpp">
      <Filter>Source Files</Filter>
    </ClCompile>
    <ClCompile Include="HighScoresGS.cpp">
      <Filter>Source Files</Filter>
    </ClCompile>
    <ClCompile Include="InputManager.cpp">
      <Filter>Source Files</Filter>
    </ClCompile>
    <ClCompile Include="main.cpp">
      <Filter>Source Files</Filter>
    </ClCompile>
    <ClCompile Include="MainMenuGS.cpp">
      <Filter>Source Files</Filter>
    </ClCompile>
    <ClCompile Include="PauseGS.cpp">
      <Filter>Source Files</Filter>
    </ClCompile>
    <ClCompile Include="SettingsGS.cpp">
      <Filter>Source Files</Filter>
    </ClCompile>
    <ClCompile Include="SplashGS.cpp">
      <Filter>Source Files</Filter>
    </ClCompile>
    <ClCompile Include="SoundManager.cpp">
      <Filter>Source Files</Filter>
    </ClCompile>
    <ClCompile Include="EnterNameGS.cpp">
      <Filter>Source Files</Filter>
    </ClCompile>
    <ClCompile Include="Entity.cpp">
      <Filter>Source Files</Filter>
    </ClCompile>
    <ClCompile Include="tinyxml2.cpp">
      <Filter>Source Files</Filter>
    </ClCompile>
  </ItemGroup>
  <ItemGroup>
    <ClInclude Include="AssetManager.h">
      <Filter>Header Files</Filter>
    </ClInclude>
    <ClInclude Include="CharacterSelectGS.h">
      <Filter>Header Files</Filter>
    </ClInclude>
    <ClInclude Include="GameOverGS.h">
      <Filter>Header Files</Filter>
    </ClInclude>
    <ClInclude Include="GameplayGS.h">
      <Filter>Header Files</Filter>
    </ClInclude>
    <ClInclude Include="GameState.h">
      <Filter>Header Files</Filter>
    </ClInclude>
    <ClInclude Include="GameStateManager.h">
      <Filter>Header Files</Filter>
    </ClInclude>
    <ClInclude Include="HelpGS.h">
      <Filter>Header Files</Filter>
    </ClInclude>
    <ClInclude Include="HighScoresGS.h">
      <Filter>Header Files</Filter>
    </ClInclude>
    <ClInclude Include="InputManager.h">
      <Filter>Header Files</Filter>
    </ClInclude>
    <ClInclude Include="MainMenuGS.h">
      <Filter>Header Files</Filter>
    </ClInclude>
    <ClInclude Include="PauseGS.h">
      <Filter>Header Files</Filter>
    </ClInclude>
    <ClInclude Include="SettingsGS.h">
      <Filter>Header Files</Filter>
    </ClInclude>
    <ClInclude Include="SplashGS.h">
      <Filter>Header Files</Filter>
    </ClInclude>
    <ClInclude Include="SoundManager.h">
      <Filter>Header Files</Filter>
    </ClInclude>
    <ClInclude Include="EnterNameGS.h">
      <Filter>Header Files</Filter>
    </ClInclude>
    <ClInclude Include="Entity.h">
      <Filter>Header Files</Filter>
    </ClInclude>
    <ClInclude Include="tinyxml2.h">
      <Filter>Header Files</Filter>
    </ClInclude>
  </ItemGroup>
  <ItemGroup>
    <Image Include="Assets\Backgrounds\char_select_bg.png">
      <Filter>Resource Files</Filter>
    </Image>
    <Image Include="Assets\Backgrounds\help_bg.png">
      <Filter>Resource Files</Filter>
    </Image>
    <Image Include="Assets\Backgrounds\high_scores_bg.png">
      <Filter>Resource Files</Filter>
    </Image>
    <Image Include="Assets\Backgrounds\menu_bg.png">
      <Filter>Resource Files</Filter>
    </Image>
    <Image Include="Assets\Backgrounds\settings_bg.png">
      <Filter>Resource Files</Filter>
    </Image>
    <Image Include="Assets\Backgrounds\splash_bg.png">
      <Filter>Resource Files</Filter>
    </Image>
    <Image Include="Assets\Sprites\fdino_char_select.png">
      <Filter>Resource Files</Filter>
    </Image>
    <Image Include="Assets\Sprites\mdino_char_select.png">
      <Filter>Resource Files</Filter>
    </Image>
    <Image Include="Assets\Sprites\off_active.png">
      <Filter>Resource Files</Filter>
    </Image>
    <Image Include="Assets\Sprites\off_inactive.png">
      <Filter>Resource Files</Filter>
    </Image>
    <Image Include="Assets\Sprites\on_active.png">
      <Filter>Resource Files</Filter>
    </Image>
    <Image Include="Assets\Sprites\on_inactive.png">
      <Filter>Resource Files</Filter>
    </Image>
  </ItemGroup>
  <ItemGroup>
    <Font Include="Assets\Fonts\big_noodle_titling.ttf" />
    <Font Include="Assets\Fonts\CurlzMT.ttf" />
    <Font Include="Assets\Fonts\Wedgie Regular.ttf" />
  </ItemGroup>
  <ItemGroup>
    <Media Include="Assets\Music\bgm.wav">
      <Filter>Resource Files</Filter>
    </Media>
    <Media Include="Assets\Sfx\sfx_healthPU.wav">
      <Filter>Resource Files</Filter>
    </Media>
    <Media Include="Assets\Sfx\sfx_kiss.wav">
      <Filter>Resource Files</Filter>
    </Media>
    <Media Include="Assets\Sfx\sfx_pointPU.wav">
      <Filter>Resource Files</Filter>
    </Media>
    <Media Include="Assets\Sfx\sfx_hover.wav">
      <Filter>Resource Files</Filter>
    </Media>
  </ItemGroup>
  <ItemGroup>
    <Xml Include="GameData\casanova_game_data.xml" />
  </ItemGroup>
</Project>